[root]
name = "check_ip"
version = "0.1.0"
dependencies = [
 "ipnetwork 0.12.5 (registry+https://github.com/rust-lang/crates.io-index)",
]

[[package]]
name = "ipnetwork"
version = "0.12.5"
source = "registry+https://github.com/rust-lang/crates.io-index"

[metadata]
"checksum ipnetwork 0.12.5 (registry+https://github.com/rust-lang/crates.io-index)" = "94bef9ae83448a9da2ca8fadde0959c9cc3092d063eea4b489ca0018d0003960"
