[root]
name = "check_ip"
version = "0.1.0"
dependencies = [
 "ipnetwork 0.12.5 (git+https://github.com/achanda/ipnetwork?rev=9920316)",
]

[[package]]
name = "ipnetwork"
version = "0.12.5"
source = "git+https://github.com/achanda/ipnetwork?rev=9920316#99203160b9e3d51e8262d6e4ec28795da3cf9026"

[metadata]
"checksum ipnetwork 0.12.5 (git+https://github.com/achanda/ipnetwork?rev=9920316)" = "<none>"
